
Microsoft Visual Studio Solution File, Format Version 12.00
# Visual Studio Version 17
VisualStudioVersion = 17.6.33829.357
MinimumVisualStudioVersion = 10.0.40219.1
Project("{FAE04EC0-301F-11D3-BF4B-00C04F79EFBC}") = "PhilippineBaranggayRenewableEnergyProject", "PhilippineBaranggayRenewableEnergyProject\PhilippineBaranggayRenewableEnergyProject.csproj", "{57DA8DA0-DBDB-4D48-9BCA-B93C5CBFCC27}"
EndProject
Global
	GlobalSection(SolutionConfigurationPlatforms) = preSolution
		Debug|Any CPU = Debug|Any CPU
		Release|Any CPU = Release|Any CPU
	EndGlobalSection
	GlobalSection(ProjectConfigurationPlatforms) = postSolution
		{57DA8DA0-DBDB-4D48-9BCA-B93C5CBFCC27}.Debug|Any CPU.ActiveCfg = Debug|Any CPU
		{57DA8DA0-DBDB-4D48-9BCA-B93C5CBFCC27}.Debug|Any CPU.Build.0 = Debug|Any CPU
		{57DA8DA0-DBDB-4D48-9BCA-B93C5CBFCC27}.Release|Any CPU.ActiveCfg = Release|Any CPU
		{57DA8DA0-DBDB-4D48-9BCA-B93C5CBFCC27}.Release|Any CPU.Build.0 = Release|Any CPU
	EndGlobalSection
	GlobalSection(SolutionProperties) = preSolution
		HideSolutionNode = FALSE
	EndGlobalSection
	GlobalSection(ExtensibilityGlobals) = postSolution
		SolutionGuid = {F4375D79-8BF7-40DC-A0E9-72C61F7B5EF2}
	EndGlobalSection
EndGlobal
